
Microsoft Visual Studio Solution File, Format Version 11.00
# Visual Studio 2010
Project("{2150E333-8FDC-42A3-9474-1A3956D46DE8}") = "lib", "lib", "{4C29278A-91F9-4F45-B500-12AD25DB5383}"
EndProject
Project("{2150E333-8FDC-42A3-9474-1A3956D46DE8}") = "base", "base", "{DEFA4FDE-FBC2-4875-B94D-39F1930BC74B}"
EndProject
Project("{8BC9CEB8-8B4A-11D0-8D11-00A0C91BC942}") = "base", "lib\base\v8_base.vcxproj", "{F1E26066-B371-4241-9392-E3D27E63959A}"
EndProject
Project("{2150E333-8FDC-42A3-9474-1A3956D46DE8}") = "include", "include", "{5241D23D-7BD6-4836-B6E3-8117C540121A}"
EndProject
Project("{2150E333-8FDC-42A3-9474-1A3956D46DE8}") = "v8", "v8", "{6E560F75-D3E1-4EE4-887C-5ABB0204F157}"
EndProject
Project("{2150E333-8FDC-42A3-9474-1A3956D46DE8}") = "base", "base", "{56843748-336E-407D-BFD9-93B238782AE6}"
	ProjectSection(SolutionItems) = preProject
		include\v8\base\auto_lock.h = include\v8\base\auto_lock.h
		include\v8\base\compiler_quirks.h = include\v8\base\compiler_quirks.h
		include\v8\base\compiler_quirks_gcc.h = include\v8\base\compiler_quirks_gcc.h
		include\v8\base\compiler_quirks_msvc.h = include\v8\base\compiler_quirks_msvc.h
		include\v8\base\compiler_warnings.h = include\v8\base\compiler_warnings.h
		include\v8\base\compound_types.h = include\v8\base\compound_types.h
		include\v8\base\count_of.h = include\v8\base\count_of.h
		include\v8\base\cpu_counter_win.h = include\v8\base\cpu_counter_win.h
		include\v8\base\crt_handle_policies.h = include\v8\base\crt_handle_policies.h
		include\v8\base\debug_helpers.h = include\v8\base\debug_helpers.h
		include\v8\base\function_types.h = include\v8\base\function_types.h
		include\v8\base\fundamental_types.h = include\v8\base\fundamental_types.h
		include\v8\base\handle_traits.h = include\v8\base\handle_traits.h
		include\v8\base\intrusive_refcount_impl.h = include\v8\base\intrusive_refcount_impl.h
		include\v8\base\misc.h = include\v8\base\misc.h
		include\v8\base\pointer_policies.h = include\v8\base\pointer_policies.h
		include\v8\base\posix_lock_traits.h = include\v8\base\posix_lock_traits.h
		include\v8\base\scoped_handle.h = include\v8\base\scoped_handle.h
		include\v8\base\scoped_lock.h = include\v8\base\scoped_lock.h
		include\v8\base\scoped_pointer.h = include\v8\base\scoped_pointer.h
		include\v8\base\shared_handle.h = include\v8\base\shared_handle.h
		include\v8\base\shared_pointer.h = include\v8\base\shared_pointer.h
		include\v8\base\string_util.h = include\v8\base\string_util.h
		include\v8\base\string_util_msvc.h = include\v8\base\string_util_msvc.h
		include\v8\base\string_util_std.h = include\v8\base\string_util_std.h
		include\v8\base\timers.h = include\v8\base\timers.h
		include\v8\base\win32_handle_policies.h = include\v8\base\win32_handle_policies.h
		include\v8\base\win32_utils.h = include\v8\base\win32_utils.h
	EndProjectSection
EndProject
Project("{2150E333-8FDC-42A3-9474-1A3956D46DE8}") = "config", "config", "{ABAF164D-1218-4F20-B76D-23B3DA5EE726}"
	ProjectSection(SolutionItems) = preProject
		include\v8\config\config.h = include\v8\config\config.h
		include\v8\config\config.h.in = include\v8\config\config.h.in
	EndProjectSection
EndProject
Project("{2150E333-8FDC-42A3-9474-1A3956D46DE8}") = "math", "math", "{542C732E-D62C-4369-B633-407CAB4EC7B7}"
	ProjectSection(SolutionItems) = preProject
		include\v8\math\camera.h = include\v8\math\camera.h
		include\v8\math\camera.inl = include\v8\math\camera.inl
		include\v8\math\circle.h = include\v8\math\circle.h
		include\v8\math\color.h = include\v8\math\color.h
		include\v8\math\details.h = include\v8\math\details.h
		include\v8\math\ellipse.h = include\v8\math\ellipse.h
		include\v8\math\light.h = include\v8\math\light.h
		include\v8\math\line.h = include\v8\math\line.h
		include\v8\math\math_constants.h = include\v8\math\math_constants.h
		include\v8\math\math_utils.h = include\v8\math\math_utils.h
		include\v8\math\matrix2X2.h = include\v8\math\matrix2X2.h
		include\v8\math\matrix2X2.inl = include\v8\math\matrix2X2.inl
		include\v8\math\matrix2X3.h = include\v8\math\matrix2X3.h
		include\v8\math\matrix3X3.h = include\v8\math\matrix3X3.h
		include\v8\math\matrix3X3.inl = include\v8\math\matrix3X3.inl
		include\v8\math\matrix4X4.h = include\v8\math\matrix4X4.h
		include\v8\math\matrix4X4.inl = include\v8\math\matrix4X4.inl
		include\v8\math\plane.h = include\v8\math\plane.h
		include\v8\math\quaternion.h = include\v8\math\quaternion.h
		include\v8\math\quaternion.inl = include\v8\math\quaternion.inl
		include\v8\math\rectangle.h = include\v8\math\rectangle.h
		include\v8\math\transform.h = include\v8\math\transform.h
		include\v8\math\transform.inl = include\v8\math\transform.inl
		include\v8\math\vector2.h = include\v8\math\vector2.h
		include\v8\math\vector3.h = include\v8\math\vector3.h
		include\v8\math\vector3.inl = include\v8\math\vector3.inl
		include\v8\math\vector4.h = include\v8\math\vector4.h
		include\v8\math\vector4.inl = include\v8\math\vector4.inl
	EndProjectSection
EndProject
Project("{2150E333-8FDC-42A3-9474-1A3956D46DE8}") = "math", "math", "{BF4DF127-50CB-49F4-AEED-475D8390B4DA}"
EndProject
Project("{8BC9CEB8-8B4A-11D0-8D11-00A0C91BC942}") = "math", "lib\math\math.vcxproj", "{E16E0C50-4BF7-489A-9E4E-F274FA519757}"
EndProject
Project("{2150E333-8FDC-42A3-9474-1A3956D46DE8}") = "unit_tests", "unit_tests", "{F36BD038-039B-436F-8545-F67EB8943C5F}"
EndProject
Project("{8BC9CEB8-8B4A-11D0-8D11-00A0C91BC942}") = "unit_tests", "unit_tests\unit_tests.vcxproj", "{B00DF4F0-60F9-4D5C-A649-3361E9A95543}"
EndProject
Global
	GlobalSection(SolutionConfigurationPlatforms) = preSolution
		Debug|Win32 = Debug|Win32
		Debug|x64 = Debug|x64
		Release|Win32 = Release|Win32
		Release|x64 = Release|x64
	EndGlobalSection
	GlobalSection(ProjectConfigurationPlatforms) = postSolution
		{F1E26066-B371-4241-9392-E3D27E63959A}.Debug|Win32.ActiveCfg = Debug|Win32
		{F1E26066-B371-4241-9392-E3D27E63959A}.Debug|Win32.Build.0 = Debug|Win32
		{F1E26066-B371-4241-9392-E3D27E63959A}.Debug|x64.ActiveCfg = Debug|Win32
		{F1E26066-B371-4241-9392-E3D27E63959A}.Release|Win32.ActiveCfg = Release|Win32
		{F1E26066-B371-4241-9392-E3D27E63959A}.Release|Win32.Build.0 = Release|Win32
		{F1E26066-B371-4241-9392-E3D27E63959A}.Release|x64.ActiveCfg = Release|Win32
		{E16E0C50-4BF7-489A-9E4E-F274FA519757}.Debug|Win32.ActiveCfg = Debug|Win32
		{E16E0C50-4BF7-489A-9E4E-F274FA519757}.Debug|Win32.Build.0 = Debug|Win32
		{E16E0C50-4BF7-489A-9E4E-F274FA519757}.Debug|x64.ActiveCfg = Debug|Win32
		{E16E0C50-4BF7-489A-9E4E-F274FA519757}.Release|Win32.ActiveCfg = Release|Win32
		{E16E0C50-4BF7-489A-9E4E-F274FA519757}.Release|Win32.Build.0 = Release|Win32
		{E16E0C50-4BF7-489A-9E4E-F274FA519757}.Release|x64.ActiveCfg = Release|Win32
		{B00DF4F0-60F9-4D5C-A649-3361E9A95543}.Debug|Win32.ActiveCfg = Debug|Win32
		{B00DF4F0-60F9-4D5C-A649-3361E9A95543}.Debug|Win32.Build.0 = Debug|Win32
		{B00DF4F0-60F9-4D5C-A649-3361E9A95543}.Debug|x64.ActiveCfg = Debug|x64
		{B00DF4F0-60F9-4D5C-A649-3361E9A95543}.Debug|x64.Build.0 = Debug|x64
		{B00DF4F0-60F9-4D5C-A649-3361E9A95543}.Release|Win32.ActiveCfg = Release|Win32
		{B00DF4F0-60F9-4D5C-A649-3361E9A95543}.Release|Win32.Build.0 = Release|Win32
		{B00DF4F0-60F9-4D5C-A649-3361E9A95543}.Release|x64.ActiveCfg = Release|x64
		{B00DF4F0-60F9-4D5C-A649-3361E9A95543}.Release|x64.Build.0 = Release|x64
	EndGlobalSection
	GlobalSection(SolutionProperties) = preSolution
		HideSolutionNode = FALSE
	EndGlobalSection
	GlobalSection(NestedProjects) = preSolution
		{DEFA4FDE-FBC2-4875-B94D-39F1930BC74B} = {4C29278A-91F9-4F45-B500-12AD25DB5383}
		{BF4DF127-50CB-49F4-AEED-475D8390B4DA} = {4C29278A-91F9-4F45-B500-12AD25DB5383}
		{F1E26066-B371-4241-9392-E3D27E63959A} = {DEFA4FDE-FBC2-4875-B94D-39F1930BC74B}
		{6E560F75-D3E1-4EE4-887C-5ABB0204F157} = {5241D23D-7BD6-4836-B6E3-8117C540121A}
		{56843748-336E-407D-BFD9-93B238782AE6} = {6E560F75-D3E1-4EE4-887C-5ABB0204F157}
		{ABAF164D-1218-4F20-B76D-23B3DA5EE726} = {6E560F75-D3E1-4EE4-887C-5ABB0204F157}
		{542C732E-D62C-4369-B633-407CAB4EC7B7} = {6E560F75-D3E1-4EE4-887C-5ABB0204F157}
		{E16E0C50-4BF7-489A-9E4E-F274FA519757} = {BF4DF127-50CB-49F4-AEED-475D8390B4DA}
		{B00DF4F0-60F9-4D5C-A649-3361E9A95543} = {F36BD038-039B-436F-8545-F67EB8943C5F}
	EndGlobalSection
EndGlobal
