<?xml version="1.0" encoding="utf-8"?>
<Project ToolsVersion="4.0" xmlns="http://schemas.microsoft.com/developer/msbuild/2003">
  <ItemGroup>
    <Filter Include="Source Files">
      <UniqueIdentifier>{4FC737F1-C7A5-4376-A066-2A32D752A2FF}</UniqueIdentifier>
      <Extensions>cpp;c;cc;cxx;def;odl;idl;hpj;bat;asm;asmx</Extensions>
    </Filter>
    <Filter Include="Header Files">
      <UniqueIdentifier>{93995380-89BD-4b04-88EB-625FBE52EBFB}</UniqueIdentifier>
      <Extensions>h;hpp;hxx;hm;inl;inc;xsd</Extensions>
    </Filter>
    <Filter Include="Resource Files">
      <UniqueIdentifier>{67DA6AB6-F800-4c08-8B7A-83BB121AAD01}</UniqueIdentifier>
      <Extensions>rc;ico;cur;bmp;dlg;rc2;rct;bin;rgs;gif;jpg;jpeg;jpe;resx;tiff;tif;png;wav;mfcribbon-ms</Extensions>
    </Filter>
    <Filter Include="base">
      <UniqueIdentifier>{311a4411-f13b-4ac0-bf95-508452fca35a}</UniqueIdentifier>
    </Filter>
    <Filter Include="math">
      <UniqueIdentifier>{68074211-9fa7-4e30-bc4e-b488164ebdf8}</UniqueIdentifier>
    </Filter>
    <Filter Include="rendering">
      <UniqueIdentifier>{478f7c2f-8eb8-4bc0-b0a0-dff27d85086e}</UniqueIdentifier>
    </Filter>
    <Filter Include="rendering\opengl">
      <UniqueIdentifier>{3fcdaafb-7970-477b-b6b3-05e8b2c97fdd}</UniqueIdentifier>
    </Filter>
    <Filter Include="rendering\directx">
      <UniqueIdentifier>{559f0c40-006f-43a4-b976-1aa639db857f}</UniqueIdentifier>
    </Filter>
  </ItemGroup>
  <ItemGroup>
    <None Include="ReadMe.txt" />
    <None Include="math\camera.inl">
      <Filter>math</Filter>
    </None>
    <None Include="math\matrix2X2.inl">
      <Filter>math</Filter>
    </None>
    <None Include="math\matrix3X3.inl">
      <Filter>math</Filter>
    </None>
    <None Include="math\matrix4X4.inl">
      <Filter>math</Filter>
    </None>
    <None Include="math\quaternion.inl">
      <Filter>math</Filter>
    </None>
    <None Include="math\transform.inl">
      <Filter>math</Filter>
    </None>
    <None Include="math\vector3.inl">
      <Filter>math</Filter>
    </None>
    <None Include="math\vector4.inl">
      <Filter>math</Filter>
    </None>
  </ItemGroup>
  <ItemGroup>
    <ClCompile Include="pch_hdr.cc">
      <Filter>Source Files</Filter>
    </ClCompile>
    <ClCompile Include="math\camera.cc">
      <Filter>math</Filter>
    </ClCompile>
    <ClCompile Include="math\light.cc">
      <Filter>math</Filter>
    </ClCompile>
    <ClCompile Include="base\debug_helpers.cc">
      <Filter>base</Filter>
    </ClCompile>
    <ClCompile Include="base\win32_utils.cc">
      <Filter>base</Filter>
    </ClCompile>
    <ClCompile Include="math\color.cc">
      <Filter>math</Filter>
    </ClCompile>
  </ItemGroup>
  <ItemGroup>
    <ClInclude Include="pch_hdr.h">
      <Filter>Header Files</Filter>
    </ClInclude>
    <ClInclude Include="base\auto_lock.h">
      <Filter>base</Filter>
    </ClInclude>
    <ClInclude Include="base\compound_types.h">
      <Filter>base</Filter>
    </ClInclude>
    <ClInclude Include="base\function_types.h">
      <Filter>base</Filter>
    </ClInclude>
    <ClInclude Include="base\fundamental_types.h">
      <Filter>base</Filter>
    </ClInclude>
    <ClInclude Include="base\handle_traits.h">
      <Filter>base</Filter>
    </ClInclude>
    <ClInclude Include="base\intrusive_refcount_impl.h">
      <Filter>base</Filter>
    </ClInclude>
    <ClInclude Include="base\pointer_policies.h">
      <Filter>base</Filter>
    </ClInclude>
    <ClInclude Include="base\scoped_handle.h">
      <Filter>base</Filter>
    </ClInclude>
    <ClInclude Include="base\scoped_lock.h">
      <Filter>base</Filter>
    </ClInclude>
    <ClInclude Include="base\scoped_pointer.h">
      <Filter>base</Filter>
    </ClInclude>
    <ClInclude Include="base\shared_handle.h">
      <Filter>base</Filter>
    </ClInclude>
    <ClInclude Include="base\shared_pointer.h">
      <Filter>base</Filter>
    </ClInclude>
    <ClInclude Include="math\camera.h">
      <Filter>math</Filter>
    </ClInclude>
    <ClInclude Include="math\circle.h">
      <Filter>math</Filter>
    </ClInclude>
    <ClInclude Include="math\color.h">
      <Filter>math</Filter>
    </ClInclude>
    <ClInclude Include="math\ellipse.h">
      <Filter>math</Filter>
    </ClInclude>
    <ClInclude Include="math\light.h">
      <Filter>math</Filter>
    </ClInclude>
    <ClInclude Include="math\line.h">
      <Filter>math</Filter>
    </ClInclude>
    <ClInclude Include="math\matrix2X2.h">
      <Filter>math</Filter>
    </ClInclude>
    <ClInclude Include="math\matrix3X3.h">
      <Filter>math</Filter>
    </ClInclude>
    <ClInclude Include="math\matrix4X4.h">
      <Filter>math</Filter>
    </ClInclude>
    <ClInclude Include="math\plane.h">
      <Filter>math</Filter>
    </ClInclude>
    <ClInclude Include="math\quaternion.h">
      <Filter>math</Filter>
    </ClInclude>
    <ClInclude Include="math\rectangle.h">
      <Filter>math</Filter>
    </ClInclude>
    <ClInclude Include="math\transform.h">
      <Filter>math</Filter>
    </ClInclude>
    <ClInclude Include="math\vector2.h">
      <Filter>math</Filter>
    </ClInclude>
    <ClInclude Include="math\vector3.h">
      <Filter>math</Filter>
    </ClInclude>
    <ClInclude Include="math\vector4.h">
      <Filter>math</Filter>
    </ClInclude>
    <ClInclude Include="math\math_constants.h">
      <Filter>math</Filter>
    </ClInclude>
    <ClInclude Include="math\math_utils.h">
      <Filter>math</Filter>
    </ClInclude>
    <ClInclude Include="base\compiler_warnings.h">
      <Filter>base</Filter>
    </ClInclude>
    <ClInclude Include="base\misc.h">
      <Filter>base</Filter>
    </ClInclude>
    <ClInclude Include="base\debug_helpers.h">
      <Filter>base</Filter>
    </ClInclude>
    <ClInclude Include="base\crt_handle_policies.h">
      <Filter>base</Filter>
    </ClInclude>
    <ClInclude Include="base\win32_handle_policies.h">
      <Filter>base</Filter>
    </ClInclude>
    <ClInclude Include="base\win32_utils.h">
      <Filter>base</Filter>
    </ClInclude>
    <ClInclude Include="base\timers.h">
      <Filter>base</Filter>
    </ClInclude>
  </ItemGroup>
</Project>